
Microsoft Visual Studio Solution File, Format Version 12.00
# Visual Studio 15
VisualStudioVersion = 15.0.27130.2026
MinimumVisualStudioVersion = 10.0.40219.1
Project("{F2A71F9B-5D33-465A-A702-920D77279786}") = "Exercício_29_10_2018", "Exercício_29_10_2018\Exercício_29_10_2018.fsproj", "{C354A19F-622D-4187-9EB6-0D08BE1C2D01}"
EndProject
Global
	GlobalSection(SolutionConfigurationPlatforms) = preSolution
		Debug|Any CPU = Debug|Any CPU
		Release|Any CPU = Release|Any CPU
	EndGlobalSection
	GlobalSection(ProjectConfigurationPlatforms) = postSolution
		{C354A19F-622D-4187-9EB6-0D08BE1C2D01}.Debug|Any CPU.ActiveCfg = Debug|Any CPU
		{C354A19F-622D-4187-9EB6-0D08BE1C2D01}.Debug|Any CPU.Build.0 = Debug|Any CPU
		{C354A19F-622D-4187-9EB6-0D08BE1C2D01}.Release|Any CPU.ActiveCfg = Release|Any CPU
		{C354A19F-622D-4187-9EB6-0D08BE1C2D01}.Release|Any CPU.Build.0 = Release|Any CPU
	EndGlobalSection
	GlobalSection(SolutionProperties) = preSolution
		HideSolutionNode = FALSE
	EndGlobalSection
	GlobalSection(ExtensibilityGlobals) = postSolution
		SolutionGuid = {F87DE95E-30AC-4777-A383-10D6F09A4FBB}
	EndGlobalSection
EndGlobal
